// !$*UTF8*$!
{
	archiveVersion = 1;
	classes = {
	};
	objectVersion = 46;
	objects = {

/* Begin PBXBuildFile section */
		BCFE28D638078D5C08BDFD55 /* Pods_Bouncer.framework in Frameworks */ = {isa = PBXBuildFile; fileRef = DA93B5DD3293156820275C9D /* Pods_Bouncer.framework */; };
		DE8DC90F1E8F41DE00FFA99C /* AppDelegate.swift in Sources */ = {isa = PBXBuildFile; fileRef = DE8DC90E1E8F41DE00FFA99C /* AppDelegate.swift */; };
		DE8DC9111E8F41DE00FFA99C /* InvitesViewController.swift in Sources */ = {isa = PBXBuildFile; fileRef = DE8DC9101E8F41DE00FFA99C /* InvitesViewController.swift */; };
		DE8DC9141E8F41DE00FFA99C /* Main.storyboard in Resources */ = {isa = PBXBuildFile; fileRef = DE8DC9121E8F41DE00FFA99C /* Main.storyboard */; };
		DE8DC9161E8F41DE00FFA99C /* Assets.xcassets in Resources */ = {isa = PBXBuildFile; fileRef = DE8DC9151E8F41DE00FFA99C /* Assets.xcassets */; };
		DE8DC9191E8F41DE00FFA99C /* LaunchScreen.storyboard in Resources */ = {isa = PBXBuildFile; fileRef = DE8DC9171E8F41DE00FFA99C /* LaunchScreen.storyboard */; };
		DE8DC9221E8F41EC00FFA99C /* CoreLocation.framework in Frameworks */ = {isa = PBXBuildFile; fileRef = DE8DC9211E8F41EC00FFA99C /* CoreLocation.framework */; };
		DE8DC9281E8F546E00FFA99C /* UIColorExtension.swift in Sources */ = {isa = PBXBuildFile; fileRef = DE8DC9271E8F546E00FFA99C /* UIColorExtension.swift */; };
		DE8DC92A1E8F55B400FFA99C /* Invites.swift in Sources */ = {isa = PBXBuildFile; fileRef = DE8DC9291E8F55B400FFA99C /* Invites.swift */; };
		DE8DC92D1E8F65B700FFA99C /* DisplayQRViewController.swift in Sources */ = {isa = PBXBuildFile; fileRef = DE8DC92C1E8F65B700FFA99C /* DisplayQRViewController.swift */; };
		DE8DC92F1E8F859B00FFA99C /* ScannerViewController.swift in Sources */ = {isa = PBXBuildFile; fileRef = DE8DC92E1E8F859B00FFA99C /* ScannerViewController.swift */; };
		DE8DC9521E8F933200FFA99C /* Pokemon Battle.mp3 in Resources */ = {isa = PBXBuildFile; fileRef = DE8DC9511E8F933200FFA99C /* Pokemon Battle.mp3 */; };
		DE8DC9541E8F9D1D00FFA99C /* ValidQRViewController.swift in Sources */ = {isa = PBXBuildFile; fileRef = DE8DC9531E8F9D1D00FFA99C /* ValidQRViewController.swift */; };
		DECF38A11E8FD3EE00EF9958 /* InviteGuestViewController.swift in Sources */ = {isa = PBXBuildFile; fileRef = DECF38A01E8FD3EE00EF9958 /* InviteGuestViewController.swift */; };
		DECF38A31E900CAA00EF9958 /* GoogleService-Info.plist in Resources */ = {isa = PBXBuildFile; fileRef = DECF38A21E900CAA00EF9958 /* GoogleService-Info.plist */; };
		DECF38A51E90850200EF9958 /* HomeViewController.swift in Sources */ = {isa = PBXBuildFile; fileRef = DECF38A41E90850200EF9958 /* HomeViewController.swift */; };
		DECF38A71E90880D00EF9958 /* GuestSignUpViewController.swift in Sources */ = {isa = PBXBuildFile; fileRef = DECF38A61E90880D00EF9958 /* GuestSignUpViewController.swift */; };
		DECF38A91E909E7C00EF9958 /* LoginViewController.swift in Sources */ = {isa = PBXBuildFile; fileRef = DECF38A81E909E7C00EF9958 /* LoginViewController.swift */; };
/* End PBXBuildFile section */

/* Begin PBXFileReference section */
		7C40D8F2FD9584625A4C5D0D /* Pods-Bouncer.release.xcconfig */ = {isa = PBXFileReference; includeInIndex = 1; lastKnownFileType = text.xcconfig; name = "Pods-Bouncer.release.xcconfig"; path = "Pods/Target Support Files/Pods-Bouncer/Pods-Bouncer.release.xcconfig"; sourceTree = "<group>"; };
		D58D1F9240B5B9A404B68949 /* Pods-Bouncer.debug.xcconfig */ = {isa = PBXFileReference; includeInIndex = 1; lastKnownFileType = text.xcconfig; name = "Pods-Bouncer.debug.xcconfig"; path = "Pods/Target Support Files/Pods-Bouncer/Pods-Bouncer.debug.xcconfig"; sourceTree = "<group>"; };
		DA93B5DD3293156820275C9D /* Pods_Bouncer.framework */ = {isa = PBXFileReference; explicitFileType = wrapper.framework; includeInIndex = 0; path = Pods_Bouncer.framework; sourceTree = BUILT_PRODUCTS_DIR; };
		DE8DC90B1E8F41DE00FFA99C /* Bouncer.app */ = {isa = PBXFileReference; explicitFileType = wrapper.application; includeInIndex = 0; path = Bouncer.app; sourceTree = BUILT_PRODUCTS_DIR; };
		DE8DC90E1E8F41DE00FFA99C /* AppDelegate.swift */ = {isa = PBXFileReference; lastKnownFileType = sourcecode.swift; path = AppDelegate.swift; sourceTree = "<group>"; };
		DE8DC9101E8F41DE00FFA99C /* InvitesViewController.swift */ = {isa = PBXFileReference; lastKnownFileType = sourcecode.swift; path = InvitesViewController.swift; sourceTree = "<group>"; };
		DE8DC9131E8F41DE00FFA99C /* Base */ = {isa = PBXFileReference; lastKnownFileType = file.storyboard; name = Base; path = Base.lproj/Main.storyboard; sourceTree = "<group>"; };
		DE8DC9151E8F41DE00FFA99C /* Assets.xcassets */ = {isa = PBXFileReference; lastKnownFileType = folder.assetcatalog; path = Assets.xcassets; sourceTree = "<group>"; };
		DE8DC9181E8F41DE00FFA99C /* Base */ = {isa = PBXFileReference; lastKnownFileType = file.storyboard; name = Base; path = Base.lproj/LaunchScreen.storyboard; sourceTree = "<group>"; };
		DE8DC91A1E8F41DE00FFA99C /* Info.plist */ = {isa = PBXFileReference; lastKnownFileType = text.plist.xml; path = Info.plist; sourceTree = "<group>"; };
		DE8DC9211E8F41EC00FFA99C /* CoreLocation.framework */ = {isa = PBXFileReference; lastKnownFileType = wrapper.framework; name = CoreLocation.framework; path = System/Library/Frameworks/CoreLocation.framework; sourceTree = SDKROOT; };
		DE8DC9271E8F546E00FFA99C /* UIColorExtension.swift */ = {isa = PBXFileReference; fileEncoding = 4; lastKnownFileType = sourcecode.swift; path = UIColorExtension.swift; sourceTree = "<group>"; };
		DE8DC9291E8F55B400FFA99C /* Invites.swift */ = {isa = PBXFileReference; fileEncoding = 4; lastKnownFileType = sourcecode.swift; path = Invites.swift; sourceTree = "<group>"; };
		DE8DC92C1E8F65B700FFA99C /* DisplayQRViewController.swift */ = {isa = PBXFileReference; fileEncoding = 4; lastKnownFileType = sourcecode.swift; path = DisplayQRViewController.swift; sourceTree = "<group>"; };
		DE8DC92E1E8F859B00FFA99C /* ScannerViewController.swift */ = {isa = PBXFileReference; fileEncoding = 4; lastKnownFileType = sourcecode.swift; path = ScannerViewController.swift; sourceTree = "<group>"; };
		DE8DC9511E8F933200FFA99C /* Pokemon Battle.mp3 */ = {isa = PBXFileReference; lastKnownFileType = audio.mp3; name = "Pokemon Battle.mp3"; path = "../../../../../Volumes/Transcend/DogeFeed/UGAHackathon2016/Pokemon Battle.mp3"; sourceTree = "<group>"; };
		DE8DC9531E8F9D1D00FFA99C /* ValidQRViewController.swift */ = {isa = PBXFileReference; fileEncoding = 4; lastKnownFileType = sourcecode.swift; path = ValidQRViewController.swift; sourceTree = "<group>"; };
		DECF38A01E8FD3EE00EF9958 /* InviteGuestViewController.swift */ = {isa = PBXFileReference; fileEncoding = 4; lastKnownFileType = sourcecode.swift; path = InviteGuestViewController.swift; sourceTree = "<group>"; };
		DECF38A21E900CAA00EF9958 /* GoogleService-Info.plist */ = {isa = PBXFileReference; fileEncoding = 4; lastKnownFileType = text.plist.xml; name = "GoogleService-Info.plist"; path = "../../../Downloads/GoogleService-Info.plist"; sourceTree = "<group>"; };
		DECF38A41E90850200EF9958 /* HomeViewController.swift */ = {isa = PBXFileReference; fileEncoding = 4; lastKnownFileType = sourcecode.swift; path = HomeViewController.swift; sourceTree = "<group>"; };
		DECF38A61E90880D00EF9958 /* GuestSignUpViewController.swift */ = {isa = PBXFileReference; fileEncoding = 4; lastKnownFileType = sourcecode.swift; path = GuestSignUpViewController.swift; sourceTree = "<group>"; };
		DECF38A81E909E7C00EF9958 /* LoginViewController.swift */ = {isa = PBXFileReference; fileEncoding = 4; lastKnownFileType = sourcecode.swift; path = LoginViewController.swift; sourceTree = "<group>"; };
/* End PBXFileReference section */

/* Begin PBXFrameworksBuildPhase section */
		DE8DC9081E8F41DE00FFA99C /* Frameworks */ = {
			isa = PBXFrameworksBuildPhase;
			buildActionMask = 2147483647;
			files = (
				DE8DC9221E8F41EC00FFA99C /* CoreLocation.framework in Frameworks */,
				BCFE28D638078D5C08BDFD55 /* Pods_Bouncer.framework in Frameworks */,
			);
			runOnlyForDeploymentPostprocessing = 0;
		};
/* End PBXFrameworksBuildPhase section */

/* Begin PBXGroup section */
		1BDA3D71549A7635A6241F6B /* Pods */ = {
			isa = PBXGroup;
			children = (
				D58D1F9240B5B9A404B68949 /* Pods-Bouncer.debug.xcconfig */,
				7C40D8F2FD9584625A4C5D0D /* Pods-Bouncer.release.xcconfig */,
			);
			name = Pods;
			sourceTree = "<group>";
		};
		DE8DC9021E8F41DE00FFA99C = {
			isa = PBXGroup;
			children = (
				DE8DC90D1E8F41DE00FFA99C /* Bouncer */,
				DE8DC90C1E8F41DE00FFA99C /* Products */,
				DE8DC9201E8F41EC00FFA99C /* Frameworks */,
				1BDA3D71549A7635A6241F6B /* Pods */,
			);
			sourceTree = "<group>";
		};
		DE8DC90C1E8F41DE00FFA99C /* Products */ = {
			isa = PBXGroup;
			children = (
				DE8DC90B1E8F41DE00FFA99C /* Bouncer.app */,
			);
			name = Products;
			sourceTree = "<group>";
		};
		DE8DC90D1E8F41DE00FFA99C /* Bouncer */ = {
			isa = PBXGroup;
			children = (
				DE8DC9101E8F41DE00FFA99C /* InvitesViewController.swift */,
				DE8DC92C1E8F65B700FFA99C /* DisplayQRViewController.swift */,
				DE8DC92E1E8F859B00FFA99C /* ScannerViewController.swift */,
				DE8DC9531E8F9D1D00FFA99C /* ValidQRViewController.swift */,
				DECF38A01E8FD3EE00EF9958 /* InviteGuestViewController.swift */,
				DE8DC92B1E8F58F000FFA99C /* Resources */,
				DE8DC9121E8F41DE00FFA99C /* Main.storyboard */,
				DE8DC9151E8F41DE00FFA99C /* Assets.xcassets */,
				DE8DC9171E8F41DE00FFA99C /* LaunchScreen.storyboard */,
				DE8DC91A1E8F41DE00FFA99C /* Info.plist */,
				DECF38A21E900CAA00EF9958 /* GoogleService-Info.plist */,
				DECF38A41E90850200EF9958 /* HomeViewController.swift */,
				DECF38A81E909E7C00EF9958 /* LoginViewController.swift */,
				DECF38A61E90880D00EF9958 /* GuestSignUpViewController.swift */,
			);
			path = Bouncer;
			sourceTree = "<group>";
		};
		DE8DC9201E8F41EC00FFA99C /* Frameworks */ = {
			isa = PBXGroup;
			children = (
				DE8DC9211E8F41EC00FFA99C /* CoreLocation.framework */,
				DA93B5DD3293156820275C9D /* Pods_Bouncer.framework */,
			);
			name = Frameworks;
			sourceTree = "<group>";
		};
		DE8DC92B1E8F58F000FFA99C /* Resources */ = {
			isa = PBXGroup;
			children = (
				DE8DC90E1E8F41DE00FFA99C /* AppDelegate.swift */,
				DE8DC9511E8F933200FFA99C /* Pokemon Battle.mp3 */,
				DE8DC9271E8F546E00FFA99C /* UIColorExtension.swift */,
				DE8DC9291E8F55B400FFA99C /* Invites.swift */,
			);
			name = Resources;
			sourceTree = "<group>";
		};
/* End PBXGroup section */

/* Begin PBXNativeTarget section */
		DE8DC90A1E8F41DE00FFA99C /* Bouncer */ = {
			isa = PBXNativeTarget;
			buildConfigurationList = DE8DC91D1E8F41DE00FFA99C /* Build configuration list for PBXNativeTarget "Bouncer" */;
			buildPhases = (
				5DB610F8265BBD24602A8819 /* [CP] Check Pods Manifest.lock */,
				DE8DC9071E8F41DE00FFA99C /* Sources */,
				DE8DC9081E8F41DE00FFA99C /* Frameworks */,
				DE8DC9091E8F41DE00FFA99C /* Resources */,
				3A56465F0587ED887FB7A1C0 /* [CP] Embed Pods Frameworks */,
				D1B4A2D28AF294A464E27ADB /* [CP] Copy Pods Resources */,
			);
			buildRules = (
			);
			dependencies = (
			);
			name = Bouncer;
			productName = Bouncer;
			productReference = DE8DC90B1E8F41DE00FFA99C /* Bouncer.app */;
			productType = "com.apple.product-type.application";
		};
/* End PBXNativeTarget section */

/* Begin PBXProject section */
		DE8DC9031E8F41DE00FFA99C /* Project object */ = {
			isa = PBXProject;
			attributes = {
				LastSwiftUpdateCheck = 0820;
				LastUpgradeCheck = 0820;
				ORGANIZATIONNAME = "Panda Life";
				TargetAttributes = {
					DE8DC90A1E8F41DE00FFA99C = {
						CreatedOnToolsVersion = 8.2.1;
						DevelopmentTeam = 2GBQ7B7WXX;
						ProvisioningStyle = Automatic;
					};
				};
			};
			buildConfigurationList = DE8DC9061E8F41DE00FFA99C /* Build configuration list for PBXProject "Bouncer" */;
			compatibilityVersion = "Xcode 3.2";
			developmentRegion = English;
			hasScannedForEncodings = 0;
			knownRegions = (
				en,
				Base,
			);
			mainGroup = DE8DC9021E8F41DE00FFA99C;
			productRefGroup = DE8DC90C1E8F41DE00FFA99C /* Products */;
			projectDirPath = "";
			projectRoot = "";
			targets = (
				DE8DC90A1E8F41DE00FFA99C /* Bouncer */,
			);
		};
/* End PBXProject section */

/* Begin PBXResourcesBuildPhase section */
		DE8DC9091E8F41DE00FFA99C /* Resources */ = {
			isa = PBXResourcesBuildPhase;
			buildActionMask = 2147483647;
			files = (
				DE8DC9191E8F41DE00FFA99C /* LaunchScreen.storyboard in Resources */,
				DE8DC9521E8F933200FFA99C /* Pokemon Battle.mp3 in Resources */,
				DECF38A31E900CAA00EF9958 /* GoogleService-Info.plist in Resources */,
				DE8DC9161E8F41DE00FFA99C /* Assets.xcassets in Resources */,
				DE8DC9141E8F41DE00FFA99C /* Main.storyboard in Resources */,
			);
			runOnlyForDeploymentPostprocessing = 0;
		};
/* End PBXResourcesBuildPhase section */

/* Begin PBXShellScriptBuildPhase section */
		3A56465F0587ED887FB7A1C0 /* [CP] Embed Pods Frameworks */ = {
			isa = PBXShellScriptBuildPhase;
			buildActionMask = 2147483647;
			files = (
			);
			inputPaths = (
			);
			name = "[CP] Embed Pods Frameworks";
			outputPaths = (
			);
			runOnlyForDeploymentPostprocessing = 0;
			shellPath = /bin/sh;
			shellScript = "\"${SRCROOT}/Pods/Target Support Files/Pods-Bouncer/Pods-Bouncer-frameworks.sh\"\n";
			showEnvVarsInLog = 0;
		};
		5DB610F8265BBD24602A8819 /* [CP] Check Pods Manifest.lock */ = {
			isa = PBXShellScriptBuildPhase;
			buildActionMask = 2147483647;
			files = (
			);
			inputPaths = (
			);
			name = "[CP] Check Pods Manifest.lock";
			outputPaths = (
			);
			runOnlyForDeploymentPostprocessing = 0;
			shellPath = /bin/sh;
			shellScript = "diff \"${PODS_ROOT}/../Podfile.lock\" \"${PODS_ROOT}/Manifest.lock\" > /dev/null\nif [ $? != 0 ] ; then\n    # print error to STDERR\n    echo \"error: The sandbox is not in sync with the Podfile.lock. Run 'pod install' or update your CocoaPods installation.\" >&2\n    exit 1\nfi\n";
			showEnvVarsInLog = 0;
		};
		D1B4A2D28AF294A464E27ADB /* [CP] Copy Pods Resources */ = {
			isa = PBXShellScriptBuildPhase;
			buildActionMask = 2147483647;
			files = (
			);
			inputPaths = (
			);
			name = "[CP] Copy Pods Resources";
			outputPaths = (
			);
			runOnlyForDeploymentPostprocessing = 0;
			shellPath = /bin/sh;
			shellScript = "\"${SRCROOT}/Pods/Target Support Files/Pods-Bouncer/Pods-Bouncer-resources.sh\"\n";
			showEnvVarsInLog = 0;
		};
/* End PBXShellScriptBuildPhase section */

/* Begin PBXSourcesBuildPhase section */
		DE8DC9071E8F41DE00FFA99C /* Sources */ = {
			isa = PBXSourcesBuildPhase;
			buildActionMask = 2147483647;
			files = (
				DECF38A11E8FD3EE00EF9958 /* InviteGuestViewController.swift in Sources */,
				DE8DC9541E8F9D1D00FFA99C /* ValidQRViewController.swift in Sources */,
				DE8DC92F1E8F859B00FFA99C /* ScannerViewController.swift in Sources */,
				DECF38A71E90880D00EF9958 /* GuestSignUpViewController.swift in Sources */,
				DE8DC9111E8F41DE00FFA99C /* InvitesViewController.swift in Sources */,
				DE8DC90F1E8F41DE00FFA99C /* AppDelegate.swift in Sources */,
				DECF38A51E90850200EF9958 /* HomeViewController.swift in Sources */,
				DE8DC92A1E8F55B400FFA99C /* Invites.swift in Sources */,
				DE8DC92D1E8F65B700FFA99C /* DisplayQRViewController.swift in Sources */,
				DE8DC9281E8F546E00FFA99C /* UIColorExtension.swift in Sources */,
				DECF38A91E909E7C00EF9958 /* LoginViewController.swift in Sources */,
			);
			runOnlyForDeploymentPostprocessing = 0;
		};
/* End PBXSourcesBuildPhase section */

/* Begin PBXVariantGroup section */
		DE8DC9121E8F41DE00FFA99C /* Main.storyboard */ = {
			isa = PBXVariantGroup;
			children = (
				DE8DC9131E8F41DE00FFA99C /* Base */,
			);
			name = Main.storyboard;
			sourceTree = "<group>";
		};
		DE8DC9171E8F41DE00FFA99C /* LaunchScreen.storyboard */ = {
			isa = PBXVariantGroup;
			children = (
				DE8DC9181E8F41DE00FFA99C /* Base */,
			);
			name = LaunchScreen.storyboard;
			sourceTree = "<group>";
		};
/* End PBXVariantGroup section */

/* Begin XCBuildConfiguration section */
		DE8DC91B1E8F41DE00FFA99C /* Debug */ = {
			isa = XCBuildConfiguration;
			buildSettings = {
				ALWAYS_SEARCH_USER_PATHS = NO;
				CLANG_ANALYZER_NONNULL = YES;
				CLANG_CXX_LANGUAGE_STANDARD = "gnu++0x";
				CLANG_CXX_LIBRARY = "libc++";
				CLANG_ENABLE_MODULES = YES;
				CLANG_ENABLE_OBJC_ARC = YES;
				CLANG_WARN_BOOL_CONVERSION = YES;
				CLANG_WARN_CONSTANT_CONVERSION = YES;
				CLANG_WARN_DIRECT_OBJC_ISA_USAGE = YES_ERROR;
				CLANG_WARN_DOCUMENTATION_COMMENTS = YES;
				CLANG_WARN_EMPTY_BODY = YES;
				CLANG_WARN_ENUM_CONVERSION = YES;
				CLANG_WARN_INFINITE_RECURSION = YES;
				CLANG_WARN_INT_CONVERSION = YES;
				CLANG_WARN_OBJC_ROOT_CLASS = YES_ERROR;
				CLANG_WARN_SUSPICIOUS_MOVE = YES;
				CLANG_WARN_UNREACHABLE_CODE = YES;
				CLANG_WARN__DUPLICATE_METHOD_MATCH = YES;
				"CODE_SIGN_IDENTITY[sdk=iphoneos*]" = "iPhone Developer";
				COPY_PHASE_STRIP = NO;
				DEBUG_INFORMATION_FORMAT = dwarf;
				ENABLE_STRICT_OBJC_MSGSEND = YES;
				ENABLE_TESTABILITY = YES;
				GCC_C_LANGUAGE_STANDARD = gnu99;
				GCC_DYNAMIC_NO_PIC = NO;
				GCC_NO_COMMON_BLOCKS = YES;
				GCC_OPTIMIZATION_LEVEL = 0;
				GCC_PREPROCESSOR_DEFINITIONS = (
					"DEBUG=1",
					"$(inherited)",
				);
				GCC_WARN_64_TO_32_BIT_CONVERSION = YES;
				GCC_WARN_ABOUT_RETURN_TYPE = YES_ERROR;
				GCC_WARN_UNDECLARED_SELECTOR = YES;
				GCC_WARN_UNINITIALIZED_AUTOS = YES_AGGRESSIVE;
				GCC_WARN_UNUSED_FUNCTION = YES;
				GCC_WARN_UNUSED_VARIABLE = YES;
				IPHONEOS_DEPLOYMENT_TARGET = 10.2;
				MTL_ENABLE_DEBUG_INFO = YES;
				ONLY_ACTIVE_ARCH = YES;
				SDKROOT = iphoneos;
				SWIFT_ACTIVE_COMPILATION_CONDITIONS = DEBUG;
				SWIFT_OPTIMIZATION_LEVEL = "-Onone";
			};
			name = Debug;
		};
		DE8DC91C1E8F41DE00FFA99C /* Release */ = {
			isa = XCBuildConfiguration;
			buildSettings = {
				ALWAYS_SEARCH_USER_PATHS = NO;
				CLANG_ANALYZER_NONNULL = YES;
				CLANG_CXX_LANGUAGE_STANDARD = "gnu++0x";
				CLANG_CXX_LIBRARY = "libc++";
				CLANG_ENABLE_MODULES = YES;
				CLANG_ENABLE_OBJC_ARC = YES;
				CLANG_WARN_BOOL_CONVERSION = YES;
				CLANG_WARN_CONSTANT_CONVERSION = YES;
				CLANG_WARN_DIRECT_OBJC_ISA_USAGE = YES_ERROR;
				CLANG_WARN_DOCUMENTATION_COMMENTS = YES;
				CLANG_WARN_EMPTY_BODY = YES;
				CLANG_WARN_ENUM_CONVERSION = YES;
				CLANG_WARN_INFINITE_RECURSION = YES;
				CLANG_WARN_INT_CONVERSION = YES;
				CLANG_WARN_OBJC_ROOT_CLASS = YES_ERROR;
				CLANG_WARN_SUSPICIOUS_MOVE = YES;
				CLANG_WARN_UNREACHABLE_CODE = YES;
				CLANG_WARN__DUPLICATE_METHOD_MATCH = YES;
				"CODE_SIGN_IDENTITY[sdk=iphoneos*]" = "iPhone Developer";
				COPY_PHASE_STRIP = NO;
				DEBUG_INFORMATION_FORMAT = "dwarf-with-dsym";
				ENABLE_NS_ASSERTIONS = NO;
				ENABLE_STRICT_OBJC_MSGSEND = YES;
				GCC_C_LANGUAGE_STANDARD = gnu99;
				GCC_NO_COMMON_BLOCKS = YES;
				GCC_WARN_64_TO_32_BIT_CONVERSION = YES;
				GCC_WARN_ABOUT_RETURN_TYPE = YES_ERROR;
				GCC_WARN_UNDECLARED_SELECTOR = YES;
				GCC_WARN_UNINITIALIZED_AUTOS = YES_AGGRESSIVE;
				GCC_WARN_UNUSED_FUNCTION = YES;
				GCC_WARN_UNUSED_VARIABLE = YES;
				IPHONEOS_DEPLOYMENT_TARGET = 10.2;
				MTL_ENABLE_DEBUG_INFO = NO;
				SDKROOT = iphoneos;
				SWIFT_OPTIMIZATION_LEVEL = "-Owholemodule";
				VALIDATE_PRODUCT = YES;
			};
			name = Release;
		};
		DE8DC91E1E8F41DE00FFA99C /* Debug */ = {
			isa = XCBuildConfiguration;
			baseConfigurationReference = D58D1F9240B5B9A404B68949 /* Pods-Bouncer.debug.xcconfig */;
			buildSettings = {
				ASSETCATALOG_COMPILER_APPICON_NAME = AppIcon;
				DEVELOPMENT_TEAM = 2GBQ7B7WXX;
				INFOPLIST_FILE = Bouncer/Info.plist;
				LD_RUNPATH_SEARCH_PATHS = "$(inherited) @executable_path/Frameworks";
				PRODUCT_BUNDLE_IDENTIFIER = "Panda-Life.Bouncer";
				PRODUCT_NAME = "$(TARGET_NAME)";
				SWIFT_VERSION = 3.0;
			};
			name = Debug;
		};
		DE8DC91F1E8F41DE00FFA99C /* Release */ = {
			isa = XCBuildConfiguration;
			baseConfigurationReference = 7C40D8F2FD9584625A4C5D0D /* Pods-Bouncer.release.xcconfig */;
			buildSettings = {
				ASSETCATALOG_COMPILER_APPICON_NAME = AppIcon;
				DEVELOPMENT_TEAM = 2GBQ7B7WXX;
				INFOPLIST_FILE = Bouncer/Info.plist;
				LD_RUNPATH_SEARCH_PATHS = "$(inherited) @executable_path/Frameworks";
				PRODUCT_BUNDLE_IDENTIFIER = "Panda-Life.Bouncer";
				PRODUCT_NAME = "$(TARGET_NAME)";
				SWIFT_VERSION = 3.0;
			};
			name = Release;
		};
/* End XCBuildConfiguration section */

/* Begin XCConfigurationList section */
		DE8DC9061E8F41DE00FFA99C /* Build configuration list for PBXProject "Bouncer" */ = {
			isa = XCConfigurationList;
			buildConfigurations = (
				DE8DC91B1E8F41DE00FFA99C /* Debug */,
				DE8DC91C1E8F41DE00FFA99C /* Release */,
			);
			defaultConfigurationIsVisible = 0;
			defaultConfigurationName = Release;
		};
		DE8DC91D1E8F41DE00FFA99C /* Build configuration list for PBXNativeTarget "Bouncer" */ = {
			isa = XCConfigurationList;
			buildConfigurations = (
				DE8DC91E1E8F41DE00FFA99C /* Debug */,
				DE8DC91F1E8F41DE00FFA99C /* Release */,
			);
			defaultConfigurationIsVisible = 0;
			defaultConfigurationName = Release;
		};
/* End XCConfigurationList section */
	};
	rootObject = DE8DC9031E8F41DE00FFA99C /* Project object */;
}
